
Microsoft Visual Studio Solution File, Format Version 12.00
# Visual Studio Version 17
VisualStudioVersion = 17.14.37027.9 d17.14
MinimumVisualStudioVersion = 10.0.40219.1
Project("{FAE04EC0-301F-11D3-BF4B-00C04F79EFBC}") = "LibraryApp", "LibraryApp\LibraryApp.csproj", "{03F2E655-19E1-41C8-8329-647122FFDF5A}"
EndProject
Project("{FAE04EC0-301F-11D3-BF4B-00C04F79EFBC}") = "GalleryBusiness", "GalleryBusiness\GalleryBusiness.csproj", "{34B84094-3685-4A66-BC88-675981572094}"
EndProject
Project("{FAE04EC0-301F-11D3-BF4B-00C04F79EFBC}") = "GalleryDataAccess", "GalleryDataAccess\GalleryDataAccess.csproj", "{06DDED64-AA22-41E6-803F-DF0ABF6081E3}"
EndProject
Project("{FAE04EC0-301F-11D3-BF4B-00C04F79EFBC}") = "GalleryRepositories", "GalleryRepositories\GalleryRepositories.csproj", "{7DA18C6C-6940-4556-A3CE-DF60B50843A6}"
EndProject
Global
	GlobalSection(SolutionConfigurationPlatforms) = preSolution
		Debug|Any CPU = Debug|Any CPU
		Release|Any CPU = Release|Any CPU
	EndGlobalSection
	GlobalSection(ProjectConfigurationPlatforms) = postSolution
		{03F2E655-19E1-41C8-8329-647122FFDF5A}.Debug|Any CPU.ActiveCfg = Debug|Any CPU
		{03F2E655-19E1-41C8-8329-647122FFDF5A}.Debug|Any CPU.Build.0 = Debug|Any CPU
		{03F2E655-19E1-41C8-8329-647122FFDF5A}.Release|Any CPU.ActiveCfg = Release|Any CPU
		{03F2E655-19E1-41C8-8329-647122FFDF5A}.Release|Any CPU.Build.0 = Release|Any CPU
		{34B84094-3685-4A66-BC88-675981572094}.Debug|Any CPU.ActiveCfg = Debug|Any CPU
		{34B84094-3685-4A66-BC88-675981572094}.Debug|Any CPU.Build.0 = Debug|Any CPU
		{34B84094-3685-4A66-BC88-675981572094}.Release|Any CPU.ActiveCfg = Release|Any CPU
		{34B84094-3685-4A66-BC88-675981572094}.Release|Any CPU.Build.0 = Release|Any CPU
		{06DDED64-AA22-41E6-803F-DF0ABF6081E3}.Debug|Any CPU.ActiveCfg = Debug|Any CPU
		{06DDED64-AA22-41E6-803F-DF0ABF6081E3}.Debug|Any CPU.Build.0 = Debug|Any CPU
		{06DDED64-AA22-41E6-803F-DF0ABF6081E3}.Release|Any CPU.ActiveCfg = Release|Any CPU
		{06DDED64-AA22-41E6-803F-DF0ABF6081E3}.Release|Any CPU.Build.0 = Release|Any CPU
		{7DA18C6C-6940-4556-A3CE-DF60B50843A6}.Debug|Any CPU.ActiveCfg = Debug|Any CPU
		{7DA18C6C-6940-4556-A3CE-DF60B50843A6}.Debug|Any CPU.Build.0 = Debug|Any CPU
		{7DA18C6C-6940-4556-A3CE-DF60B50843A6}.Release|Any CPU.ActiveCfg = Release|Any CPU
		{7DA18C6C-6940-4556-A3CE-DF60B50843A6}.Release|Any CPU.Build.0 = Release|Any CPU
	EndGlobalSection
	GlobalSection(SolutionProperties) = preSolution
		HideSolutionNode = FALSE
	EndGlobalSection
	GlobalSection(ExtensibilityGlobals) = postSolution
		SolutionGuid = {2E68779D-8A6B-42A6-8CAA-AECADF42D334}
	EndGlobalSection
EndGlobal
